
Microsoft Visual Studio Solution File, Format Version 12.00
# Visual Studio 15
VisualStudioVersion = 15.0.26430.6
MinimumVisualStudioVersion = 10.0.40219.1
Project("{2150E333-8FDC-42A3-9474-1A3956D46DE8}") = "src", "src", "{DADADCA6-698F-4AB0-B110-49AEAA74FF89}"
EndProject
Project("{2150E333-8FDC-42A3-9474-1A3956D46DE8}") = "test", "test", "{B64C2D60-4ABB-4193-88BC-113FC8656EF6}"
EndProject
Project("{FAE04EC0-301F-11D3-BF4B-00C04F79EFBC}") = "EmilePlugins.Mvc.ModuleActivator", "src\EmilePlugins.Mvc.ModuleActivator\EmilePlugins.Mvc.ModuleActivator.csproj", "{697CD678-CC2F-4425-B70D-28D465A194E1}"
EndProject
Project("{2150E333-8FDC-42A3-9474-1A3956D46DE8}") = "Mvc.Module", "Mvc.Module", "{95470EC3-6AF6-4088-AB25-9585DD4CB8B0}"
EndProject
Project("{FAE04EC0-301F-11D3-BF4B-00C04F79EFBC}") = "EmilePlugins.Mvc.Module.PDFJS", "src\EmilePlugins.Mvc.Module.PDFJS\EmilePlugins.Mvc.Module.PDFJS.csproj", "{8D137D0A-5774-4E4B-98BD-5F53D102F3CD}"
EndProject
Project("{2150E333-8FDC-42A3-9474-1A3956D46DE8}") = "sample", "sample", "{9F633CA0-4F34-476D-8BE5-16235C773B83}"
EndProject
Project("{FAE04EC0-301F-11D3-BF4B-00C04F79EFBC}") = "Mvc.Module.PDFJS.Demo", "sample\Mvc.Module.PDFJS.Demo\Mvc.Module.PDFJS.Demo.csproj", "{6CEB6EAE-F89A-4322-BEAA-82345ED7138F}"
EndProject
Project("{FAE04EC0-301F-11D3-BF4B-00C04F79EFBC}") = "EmilePlugins.Windows.ServiceDefinition", "src\EmilePlugins.Windows.ServiceDefinition\EmilePlugins.Windows.ServiceDefinition.csproj", "{E8A5E5B5-785D-41F1-A4BA-0271F3394646}"
EndProject
Project("{9A19103F-16F7-4668-BE54-9A1E7A4F7556}") = "EmilePlugins.Windows.ServiceHost", "src\EmilePlugins.Windows.ServiceHost\EmilePlugins.Windows.ServiceHost.csproj", "{18D9FB2F-7533-4975-9145-F06BD3FD8227}"
EndProject
Project("{FAE04EC0-301F-11D3-BF4B-00C04F79EFBC}") = "EmilePlugins.Windows.ServiceTray", "src\EmilePlugins.Windows.ServiceTray\EmilePlugins.Windows.ServiceTray.csproj", "{C8B56F01-C3EA-4272-899A-4D6330FB2EAD}"
EndProject
Project("{2150E333-8FDC-42A3-9474-1A3956D46DE8}") = "Windows", "Windows", "{3230FE8B-73A2-42A1-B365-A4B9473F1DD3}"
EndProject
Project("{2150E333-8FDC-42A3-9474-1A3956D46DE8}") = "Mvc", "Mvc", "{F50706A3-97C8-4BB1-8FF2-FE4802A54FE2}"
EndProject
Project("{2150E333-8FDC-42A3-9474-1A3956D46DE8}") = "Common", "Common", "{3C6541C8-C786-4CA3-AC54-E2E3CF330F2C}"
EndProject
Project("{FAE04EC0-301F-11D3-BF4B-00C04F79EFBC}") = "EmilePlugins.Common.DynamiclyAssembly", "src\EmilePlugins.Common.DynamiclyAssembly\EmilePlugins.Common.DynamiclyAssembly.csproj", "{2BCA5F30-EADE-45BD-B164-9AA9FC3D340E}"
EndProject
Project("{FAE04EC0-301F-11D3-BF4B-00C04F79EFBC}") = "EmilePlugins.Common", "src\EmilePlugins.Common\EmilePlugins.Common.csproj", "{614F518C-5B7D-4A04-86AA-6493DF79FF98}"
EndProject
Global
	GlobalSection(SolutionConfigurationPlatforms) = preSolution
		Debug|Any CPU = Debug|Any CPU
		Release|Any CPU = Release|Any CPU
	EndGlobalSection
	GlobalSection(ProjectConfigurationPlatforms) = postSolution
		{697CD678-CC2F-4425-B70D-28D465A194E1}.Debug|Any CPU.ActiveCfg = Debug|Any CPU
		{697CD678-CC2F-4425-B70D-28D465A194E1}.Debug|Any CPU.Build.0 = Debug|Any CPU
		{697CD678-CC2F-4425-B70D-28D465A194E1}.Release|Any CPU.ActiveCfg = Release|Any CPU
		{697CD678-CC2F-4425-B70D-28D465A194E1}.Release|Any CPU.Build.0 = Release|Any CPU
		{8D137D0A-5774-4E4B-98BD-5F53D102F3CD}.Debug|Any CPU.ActiveCfg = Debug|Any CPU
		{8D137D0A-5774-4E4B-98BD-5F53D102F3CD}.Debug|Any CPU.Build.0 = Debug|Any CPU
		{8D137D0A-5774-4E4B-98BD-5F53D102F3CD}.Release|Any CPU.ActiveCfg = Release|Any CPU
		{8D137D0A-5774-4E4B-98BD-5F53D102F3CD}.Release|Any CPU.Build.0 = Release|Any CPU
		{6CEB6EAE-F89A-4322-BEAA-82345ED7138F}.Debug|Any CPU.ActiveCfg = Debug|Any CPU
		{6CEB6EAE-F89A-4322-BEAA-82345ED7138F}.Debug|Any CPU.Build.0 = Debug|Any CPU
		{6CEB6EAE-F89A-4322-BEAA-82345ED7138F}.Release|Any CPU.ActiveCfg = Release|Any CPU
		{6CEB6EAE-F89A-4322-BEAA-82345ED7138F}.Release|Any CPU.Build.0 = Release|Any CPU
		{E8A5E5B5-785D-41F1-A4BA-0271F3394646}.Debug|Any CPU.ActiveCfg = Debug|Any CPU
		{E8A5E5B5-785D-41F1-A4BA-0271F3394646}.Debug|Any CPU.Build.0 = Debug|Any CPU
		{E8A5E5B5-785D-41F1-A4BA-0271F3394646}.Release|Any CPU.ActiveCfg = Release|Any CPU
		{E8A5E5B5-785D-41F1-A4BA-0271F3394646}.Release|Any CPU.Build.0 = Release|Any CPU
		{18D9FB2F-7533-4975-9145-F06BD3FD8227}.Debug|Any CPU.ActiveCfg = Debug|Any CPU
		{18D9FB2F-7533-4975-9145-F06BD3FD8227}.Debug|Any CPU.Build.0 = Debug|Any CPU
		{18D9FB2F-7533-4975-9145-F06BD3FD8227}.Release|Any CPU.ActiveCfg = Release|Any CPU
		{18D9FB2F-7533-4975-9145-F06BD3FD8227}.Release|Any CPU.Build.0 = Release|Any CPU
		{C8B56F01-C3EA-4272-899A-4D6330FB2EAD}.Debug|Any CPU.ActiveCfg = Debug|Any CPU
		{C8B56F01-C3EA-4272-899A-4D6330FB2EAD}.Debug|Any CPU.Build.0 = Debug|Any CPU
		{C8B56F01-C3EA-4272-899A-4D6330FB2EAD}.Release|Any CPU.ActiveCfg = Release|Any CPU
		{C8B56F01-C3EA-4272-899A-4D6330FB2EAD}.Release|Any CPU.Build.0 = Release|Any CPU
		{2BCA5F30-EADE-45BD-B164-9AA9FC3D340E}.Debug|Any CPU.ActiveCfg = Debug|Any CPU
		{2BCA5F30-EADE-45BD-B164-9AA9FC3D340E}.Debug|Any CPU.Build.0 = Debug|Any CPU
		{2BCA5F30-EADE-45BD-B164-9AA9FC3D340E}.Release|Any CPU.ActiveCfg = Release|Any CPU
		{2BCA5F30-EADE-45BD-B164-9AA9FC3D340E}.Release|Any CPU.Build.0 = Release|Any CPU
		{614F518C-5B7D-4A04-86AA-6493DF79FF98}.Debug|Any CPU.ActiveCfg = Debug|Any CPU
		{614F518C-5B7D-4A04-86AA-6493DF79FF98}.Debug|Any CPU.Build.0 = Debug|Any CPU
		{614F518C-5B7D-4A04-86AA-6493DF79FF98}.Release|Any CPU.ActiveCfg = Release|Any CPU
		{614F518C-5B7D-4A04-86AA-6493DF79FF98}.Release|Any CPU.Build.0 = Release|Any CPU
	EndGlobalSection
	GlobalSection(SolutionProperties) = preSolution
		HideSolutionNode = FALSE
	EndGlobalSection
	GlobalSection(NestedProjects) = preSolution
		{697CD678-CC2F-4425-B70D-28D465A194E1} = {F50706A3-97C8-4BB1-8FF2-FE4802A54FE2}
		{95470EC3-6AF6-4088-AB25-9585DD4CB8B0} = {F50706A3-97C8-4BB1-8FF2-FE4802A54FE2}
		{8D137D0A-5774-4E4B-98BD-5F53D102F3CD} = {95470EC3-6AF6-4088-AB25-9585DD4CB8B0}
		{6CEB6EAE-F89A-4322-BEAA-82345ED7138F} = {9F633CA0-4F34-476D-8BE5-16235C773B83}
		{E8A5E5B5-785D-41F1-A4BA-0271F3394646} = {3230FE8B-73A2-42A1-B365-A4B9473F1DD3}
		{18D9FB2F-7533-4975-9145-F06BD3FD8227} = {3230FE8B-73A2-42A1-B365-A4B9473F1DD3}
		{C8B56F01-C3EA-4272-899A-4D6330FB2EAD} = {3230FE8B-73A2-42A1-B365-A4B9473F1DD3}
		{3230FE8B-73A2-42A1-B365-A4B9473F1DD3} = {DADADCA6-698F-4AB0-B110-49AEAA74FF89}
		{F50706A3-97C8-4BB1-8FF2-FE4802A54FE2} = {DADADCA6-698F-4AB0-B110-49AEAA74FF89}
		{3C6541C8-C786-4CA3-AC54-E2E3CF330F2C} = {DADADCA6-698F-4AB0-B110-49AEAA74FF89}
		{2BCA5F30-EADE-45BD-B164-9AA9FC3D340E} = {3C6541C8-C786-4CA3-AC54-E2E3CF330F2C}
		{614F518C-5B7D-4A04-86AA-6493DF79FF98} = {3C6541C8-C786-4CA3-AC54-E2E3CF330F2C}
	EndGlobalSection
EndGlobal
